// !$*UTF8*$!
{
	archiveVersion = 1;
	classes = {
	};
	objectVersion = 48;
	objects = {

/* Begin PBXBuildFile section */
		4216268F1FAACDCE008A5B04 /* ZYGLViewController.m in Sources */ = {isa = PBXBuildFile; fileRef = 4216268E1FAACDCE008A5B04 /* ZYGLViewController.m */; };
		421F1F951F98A2A800719328 /* ZYCubeHeader.m in Sources */ = {isa = PBXBuildFile; fileRef = 421F1F941F98A2A800719328 /* ZYCubeHeader.m */; };
		421F1F971F98A58800719328 /* cubuVextex.glsl in Resources */ = {isa = PBXBuildFile; fileRef = 421F1F961F98A58800719328 /* cubuVextex.glsl */; };
		421F1F991F98A59B00719328 /* cubeFragment.glsl in Resources */ = {isa = PBXBuildFile; fileRef = 421F1F981F98A59B00719328 /* cubeFragment.glsl */; };
		422060B21F8B4F2B005ED1F0 /* AppDelegate.m in Sources */ = {isa = PBXBuildFile; fileRef = 422060B11F8B4F2B005ED1F0 /* AppDelegate.m */; };
		422060B51F8B4F2B005ED1F0 /* ViewController.m in Sources */ = {isa = PBXBuildFile; fileRef = 422060B41F8B4F2B005ED1F0 /* ViewController.m */; };
		422060B81F8B4F2B005ED1F0 /* Main.storyboard in Resources */ = {isa = PBXBuildFile; fileRef = 422060B61F8B4F2B005ED1F0 /* Main.storyboard */; };
		422060BA1F8B4F2B005ED1F0 /* Assets.xcassets in Resources */ = {isa = PBXBuildFile; fileRef = 422060B91F8B4F2B005ED1F0 /* Assets.xcassets */; };
		422060BD1F8B4F2B005ED1F0 /* LaunchScreen.storyboard in Resources */ = {isa = PBXBuildFile; fileRef = 422060BB1F8B4F2B005ED1F0 /* LaunchScreen.storyboard */; };
		422060C01F8B4F2B005ED1F0 /* main.m in Sources */ = {isa = PBXBuildFile; fileRef = 422060BF1F8B4F2B005ED1F0 /* main.m */; };
		422060C81F8B4F3E005ED1F0 /* OpenGLES.framework in Frameworks */ = {isa = PBXBuildFile; fileRef = 422060C71F8B4F3E005ED1F0 /* OpenGLES.framework */; };
		422060CA1F8B4F44005ED1F0 /* GLKit.framework in Frameworks */ = {isa = PBXBuildFile; fileRef = 422060C91F8B4F44005ED1F0 /* GLKit.framework */; };
		422060CD1F8B4F6B005ED1F0 /* ZYGLView.m in Sources */ = {isa = PBXBuildFile; fileRef = 422060CC1F8B4F6B005ED1F0 /* ZYGLView.m */; };
		422FCFDB1F9D989300172ED0 /* textureVertex.glsl in Resources */ = {isa = PBXBuildFile; fileRef = 422FCFDA1F9D989300172ED0 /* textureVertex.glsl */; };
		422FCFDD1F9D98A500172ED0 /* textureFragment.glsl in Resources */ = {isa = PBXBuildFile; fileRef = 422FCFDC1F9D98A500172ED0 /* textureFragment.glsl */; };
		422FCFE11F9DD46B00172ED0 /* VYTransforms.m in Sources */ = {isa = PBXBuildFile; fileRef = 422FCFDF1F9DD46B00172ED0 /* VYTransforms.m */; };
		422FCFE21F9DDB3B00172ED0 /* 512_512.png in Resources */ = {isa = PBXBuildFile; fileRef = 422FCFDE1F9DD3E100172ED0 /* 512_512.png */; };
		423EFEDB1F8DB247005DBE3D /* VFMatrix.c in Sources */ = {isa = PBXBuildFile; fileRef = 423EFED91F8DB247005DBE3D /* VFMatrix.c */; };
		423EFEDE1F8DB7FC005DBE3D /* VFVector.c in Sources */ = {isa = PBXBuildFile; fileRef = 423EFEDD1F8DB7FC005DBE3D /* VFVector.c */; };
		429E18F51FAC662700E433E0 /* AGLKView.m in Sources */ = {isa = PBXBuildFile; fileRef = 429E18F41FAC662700E433E0 /* AGLKView.m */; };
		429E18F81FAC79F200E433E0 /* AGLKContext.m in Sources */ = {isa = PBXBuildFile; fileRef = 429E18F71FAC79F200E433E0 /* AGLKContext.m */; };
		429E18FB1FAC7B0400E433E0 /* AGLKVertexAttribArrayBuffer.m in Sources */ = {isa = PBXBuildFile; fileRef = 429E18FA1FAC7B0400E433E0 /* AGLKVertexAttribArrayBuffer.m */; };
		42A3BA4E1F8F8EA8000A9F5E /* ZYCubeView.m in Sources */ = {isa = PBXBuildFile; fileRef = 42A3BA4D1F8F8EA8000A9F5E /* ZYCubeView.m */; };
		42BBD51F1F98D44300890E17 /* VFRedisplay.m in Sources */ = {isa = PBXBuildFile; fileRef = 42BBD51D1F98D44300890E17 /* VFRedisplay.m */; };
		42BBD5231F99EA7400890E17 /* ZYTextureView.m in Sources */ = {isa = PBXBuildFile; fileRef = 42BBD5221F99EA7400890E17 /* ZYTextureView.m */; };
		42E99B021F8C732D001334CA /* vertex.glsl in Resources */ = {isa = PBXBuildFile; fileRef = 42E99B011F8C732D001334CA /* vertex.glsl */; };
		42E99B041F8C7342001334CA /* fragment.glsl in Resources */ = {isa = PBXBuildFile; fileRef = 42E99B031F8C7342001334CA /* fragment.glsl */; };
/* End PBXBuildFile section */

/* Begin PBXFileReference section */
		4216268D1FAACDCE008A5B04 /* ZYGLViewController.h */ = {isa = PBXFileReference; lastKnownFileType = sourcecode.c.h; path = ZYGLViewController.h; sourceTree = "<group>"; };
		4216268E1FAACDCE008A5B04 /* ZYGLViewController.m */ = {isa = PBXFileReference; lastKnownFileType = sourcecode.c.objc; path = ZYGLViewController.m; sourceTree = "<group>"; };
		421F1F931F98A2A800719328 /* ZYCubeHeader.h */ = {isa = PBXFileReference; lastKnownFileType = sourcecode.c.h; path = ZYCubeHeader.h; sourceTree = "<group>"; };
		421F1F941F98A2A800719328 /* ZYCubeHeader.m */ = {isa = PBXFileReference; lastKnownFileType = sourcecode.c.objc; path = ZYCubeHeader.m; sourceTree = "<group>"; };
		421F1F961F98A58800719328 /* cubuVextex.glsl */ = {isa = PBXFileReference; lastKnownFileType = text; path = cubuVextex.glsl; sourceTree = "<group>"; };
		421F1F981F98A59B00719328 /* cubeFragment.glsl */ = {isa = PBXFileReference; lastKnownFileType = text; path = cubeFragment.glsl; sourceTree = "<group>"; };
		422060AD1F8B4F2B005ED1F0 /* esgl_1.app */ = {isa = PBXFileReference; explicitFileType = wrapper.application; includeInIndex = 0; path = esgl_1.app; sourceTree = BUILT_PRODUCTS_DIR; };
		422060B01F8B4F2B005ED1F0 /* AppDelegate.h */ = {isa = PBXFileReference; lastKnownFileType = sourcecode.c.h; path = AppDelegate.h; sourceTree = "<group>"; };
		422060B11F8B4F2B005ED1F0 /* AppDelegate.m */ = {isa = PBXFileReference; lastKnownFileType = sourcecode.c.objc; path = AppDelegate.m; sourceTree = "<group>"; };
		422060B31F8B4F2B005ED1F0 /* ViewController.h */ = {isa = PBXFileReference; lastKnownFileType = sourcecode.c.h; path = ViewController.h; sourceTree = "<group>"; };
		422060B41F8B4F2B005ED1F0 /* ViewController.m */ = {isa = PBXFileReference; lastKnownFileType = sourcecode.c.objc; path = ViewController.m; sourceTree = "<group>"; };
		422060B71F8B4F2B005ED1F0 /* Base */ = {isa = PBXFileReference; lastKnownFileType = file.storyboard; name = Base; path = Base.lproj/Main.storyboard; sourceTree = "<group>"; };
		422060B91F8B4F2B005ED1F0 /* Assets.xcassets */ = {isa = PBXFileReference; lastKnownFileType = folder.assetcatalog; path = Assets.xcassets; sourceTree = "<group>"; };
		422060BC1F8B4F2B005ED1F0 /* Base */ = {isa = PBXFileReference; lastKnownFileType = file.storyboard; name = Base; path = Base.lproj/LaunchScreen.storyboard; sourceTree = "<group>"; };
		422060BE1F8B4F2B005ED1F0 /* Info.plist */ = {isa = PBXFileReference; lastKnownFileType = text.plist.xml; path = Info.plist; sourceTree = "<group>"; };
		422060BF1F8B4F2B005ED1F0 /* main.m */ = {isa = PBXFileReference; lastKnownFileType = sourcecode.c.objc; path = main.m; sourceTree = "<group>"; };
		422060C71F8B4F3E005ED1F0 /* OpenGLES.framework */ = {isa = PBXFileReference; lastKnownFileType = wrapper.framework; name = OpenGLES.framework; path = System/Library/Frameworks/OpenGLES.framework; sourceTree = SDKROOT; };
		422060C91F8B4F44005ED1F0 /* GLKit.framework */ = {isa = PBXFileReference; lastKnownFileType = wrapper.framework; name = GLKit.framework; path = System/Library/Frameworks/GLKit.framework; sourceTree = SDKROOT; };
		422060CB1F8B4F6B005ED1F0 /* ZYGLView.h */ = {isa = PBXFileReference; lastKnownFileType = sourcecode.c.h; path = ZYGLView.h; sourceTree = "<group>"; };
		422060CC1F8B4F6B005ED1F0 /* ZYGLView.m */ = {isa = PBXFileReference; lastKnownFileType = sourcecode.c.objc; path = ZYGLView.m; sourceTree = "<group>"; };
		422FCFD91F9D8FC600172ED0 /* ZYTextureConstant.h */ = {isa = PBXFileReference; lastKnownFileType = sourcecode.c.h; path = ZYTextureConstant.h; sourceTree = "<group>"; };
		422FCFDA1F9D989300172ED0 /* textureVertex.glsl */ = {isa = PBXFileReference; lastKnownFileType = text; path = textureVertex.glsl; sourceTree = "<group>"; };
		422FCFDC1F9D98A500172ED0 /* textureFragment.glsl */ = {isa = PBXFileReference; lastKnownFileType = text; path = textureFragment.glsl; sourceTree = "<group>"; };
		422FCFDE1F9DD3E100172ED0 /* 512_512.png */ = {isa = PBXFileReference; lastKnownFileType = image.png; path = 512_512.png; sourceTree = "<group>"; };
		422FCFDF1F9DD46B00172ED0 /* VYTransforms.m */ = {isa = PBXFileReference; lastKnownFileType = sourcecode.c.objc; path = VYTransforms.m; sourceTree = "<group>"; };
		422FCFE01F9DD46B00172ED0 /* VYTransforms.h */ = {isa = PBXFileReference; lastKnownFileType = sourcecode.c.h; path = VYTransforms.h; sourceTree = "<group>"; };
		423EFED81F8DB246005DBE3D /* VFMatrix.h */ = {isa = PBXFileReference; lastKnownFileType = sourcecode.c.h; path = VFMatrix.h; sourceTree = "<group>"; };
		423EFED91F8DB247005DBE3D /* VFMatrix.c */ = {isa = PBXFileReference; lastKnownFileType = sourcecode.c.c; path = VFMatrix.c; sourceTree = "<group>"; };
		423EFEDA1F8DB247005DBE3D /* VFMathTypes.h */ = {isa = PBXFileReference; lastKnownFileType = sourcecode.c.h; path = VFMathTypes.h; sourceTree = "<group>"; };
		423EFEDC1F8DB7FB005DBE3D /* VFVector.h */ = {isa = PBXFileReference; lastKnownFileType = sourcecode.c.h; path = VFVector.h; sourceTree = "<group>"; };
		423EFEDD1F8DB7FC005DBE3D /* VFVector.c */ = {isa = PBXFileReference; lastKnownFileType = sourcecode.c.c; path = VFVector.c; sourceTree = "<group>"; };
		429E18F31FAC662700E433E0 /* AGLKView.h */ = {isa = PBXFileReference; lastKnownFileType = sourcecode.c.h; path = AGLKView.h; sourceTree = "<group>"; };
		429E18F41FAC662700E433E0 /* AGLKView.m */ = {isa = PBXFileReference; lastKnownFileType = sourcecode.c.objc; path = AGLKView.m; sourceTree = "<group>"; };
		429E18F61FAC79F200E433E0 /* AGLKContext.h */ = {isa = PBXFileReference; lastKnownFileType = sourcecode.c.h; path = AGLKContext.h; sourceTree = "<group>"; };
		429E18F71FAC79F200E433E0 /* AGLKContext.m */ = {isa = PBXFileReference; lastKnownFileType = sourcecode.c.objc; path = AGLKContext.m; sourceTree = "<group>"; };
		429E18F91FAC7B0400E433E0 /* AGLKVertexAttribArrayBuffer.h */ = {isa = PBXFileReference; lastKnownFileType = sourcecode.c.h; path = AGLKVertexAttribArrayBuffer.h; sourceTree = "<group>"; };
		429E18FA1FAC7B0400E433E0 /* AGLKVertexAttribArrayBuffer.m */ = {isa = PBXFileReference; lastKnownFileType = sourcecode.c.objc; path = AGLKVertexAttribArrayBuffer.m; sourceTree = "<group>"; };
		42A3BA4C1F8F8EA8000A9F5E /* ZYCubeView.h */ = {isa = PBXFileReference; lastKnownFileType = sourcecode.c.h; path = ZYCubeView.h; sourceTree = "<group>"; };
		42A3BA4D1F8F8EA8000A9F5E /* ZYCubeView.m */ = {isa = PBXFileReference; lastKnownFileType = sourcecode.c.objc; path = ZYCubeView.m; sourceTree = "<group>"; };
		42BBD51D1F98D44300890E17 /* VFRedisplay.m */ = {isa = PBXFileReference; lastKnownFileType = sourcecode.c.objc; path = VFRedisplay.m; sourceTree = "<group>"; };
		42BBD51E1F98D44300890E17 /* VFRedisplay.h */ = {isa = PBXFileReference; lastKnownFileType = sourcecode.c.h; path = VFRedisplay.h; sourceTree = "<group>"; };
		42BBD5211F99EA7400890E17 /* ZYTextureView.h */ = {isa = PBXFileReference; lastKnownFileType = sourcecode.c.h; path = ZYTextureView.h; sourceTree = "<group>"; };
		42BBD5221F99EA7400890E17 /* ZYTextureView.m */ = {isa = PBXFileReference; lastKnownFileType = sourcecode.c.objc; path = ZYTextureView.m; sourceTree = "<group>"; };
		42E99B011F8C732D001334CA /* vertex.glsl */ = {isa = PBXFileReference; lastKnownFileType = text; path = vertex.glsl; sourceTree = "<group>"; };
		42E99B031F8C7342001334CA /* fragment.glsl */ = {isa = PBXFileReference; lastKnownFileType = text; path = fragment.glsl; sourceTree = "<group>"; };
/* End PBXFileReference section */

/* Begin PBXFrameworksBuildPhase section */
		422060AA1F8B4F2B005ED1F0 /* Frameworks */ = {
			isa = PBXFrameworksBuildPhase;
			buildActionMask = 2147483647;
			files = (
				422060CA1F8B4F44005ED1F0 /* GLKit.framework in Frameworks */,
				422060C81F8B4F3E005ED1F0 /* OpenGLES.framework in Frameworks */,
			);
			runOnlyForDeploymentPostprocessing = 0;
		};
/* End PBXFrameworksBuildPhase section */

/* Begin PBXGroup section */
		4216268C1FAACD9A008A5B04 /* esonios */ = {
			isa = PBXGroup;
			children = (
				4216268D1FAACDCE008A5B04 /* ZYGLViewController.h */,
				4216268E1FAACDCE008A5B04 /* ZYGLViewController.m */,
				429E18F31FAC662700E433E0 /* AGLKView.h */,
				429E18F41FAC662700E433E0 /* AGLKView.m */,
				429E18F61FAC79F200E433E0 /* AGLKContext.h */,
				429E18F71FAC79F200E433E0 /* AGLKContext.m */,
				429E18F91FAC7B0400E433E0 /* AGLKVertexAttribArrayBuffer.h */,
				429E18FA1FAC7B0400E433E0 /* AGLKVertexAttribArrayBuffer.m */,
			);
			path = esonios;
			sourceTree = "<group>";
		};
		422060A41F8B4F2B005ED1F0 = {
			isa = PBXGroup;
			children = (
				422060AF1F8B4F2B005ED1F0 /* esgl_1 */,
				422060AE1F8B4F2B005ED1F0 /* Products */,
				422060C61F8B4F3D005ED1F0 /* Frameworks */,
			);
			sourceTree = "<group>";
		};
		422060AE1F8B4F2B005ED1F0 /* Products */ = {
			isa = PBXGroup;
			children = (
				422060AD1F8B4F2B005ED1F0 /* esgl_1.app */,
			);
			name = Products;
			sourceTree = "<group>";
		};
		422060AF1F8B4F2B005ED1F0 /* esgl_1 */ = {
			isa = PBXGroup;
			children = (
				4216268C1FAACD9A008A5B04 /* esonios */,
				42BBD5201F99EA5700890E17 /* texture */,
				42BBD51E1F98D44300890E17 /* VFRedisplay.h */,
				42BBD51D1F98D44300890E17 /* VFRedisplay.m */,
				421F1F931F98A2A800719328 /* ZYCubeHeader.h */,
				421F1F941F98A2A800719328 /* ZYCubeHeader.m */,
				422060B01F8B4F2B005ED1F0 /* AppDelegate.h */,
				422060B11F8B4F2B005ED1F0 /* AppDelegate.m */,
				422060B31F8B4F2B005ED1F0 /* ViewController.h */,
				422060B41F8B4F2B005ED1F0 /* ViewController.m */,
				422060CB1F8B4F6B005ED1F0 /* ZYGLView.h */,
				422060CC1F8B4F6B005ED1F0 /* ZYGLView.m */,
				42A3BA4C1F8F8EA8000A9F5E /* ZYCubeView.h */,
				42A3BA4D1F8F8EA8000A9F5E /* ZYCubeView.m */,
				423EFEDA1F8DB247005DBE3D /* VFMathTypes.h */,
				423EFEDD1F8DB7FC005DBE3D /* VFVector.c */,
				423EFEDC1F8DB7FB005DBE3D /* VFVector.h */,
				423EFED91F8DB247005DBE3D /* VFMatrix.c */,
				423EFED81F8DB246005DBE3D /* VFMatrix.h */,
				421F1F961F98A58800719328 /* cubuVextex.glsl */,
				421F1F981F98A59B00719328 /* cubeFragment.glsl */,
				42E99B011F8C732D001334CA /* vertex.glsl */,
				42E99B031F8C7342001334CA /* fragment.glsl */,
				422060B61F8B4F2B005ED1F0 /* Main.storyboard */,
				422060B91F8B4F2B005ED1F0 /* Assets.xcassets */,
				422060BB1F8B4F2B005ED1F0 /* LaunchScreen.storyboard */,
				422060BE1F8B4F2B005ED1F0 /* Info.plist */,
				422060BF1F8B4F2B005ED1F0 /* main.m */,
			);
			path = esgl_1;
			sourceTree = "<group>";
		};
		422060C61F8B4F3D005ED1F0 /* Frameworks */ = {
			isa = PBXGroup;
			children = (
				422060C91F8B4F44005ED1F0 /* GLKit.framework */,
				422060C71F8B4F3E005ED1F0 /* OpenGLES.framework */,
			);
			name = Frameworks;
			sourceTree = "<group>";
		};
		42BBD5201F99EA5700890E17 /* texture */ = {
			isa = PBXGroup;
			children = (
				422FCFE01F9DD46B00172ED0 /* VYTransforms.h */,
				422FCFDF1F9DD46B00172ED0 /* VYTransforms.m */,
				422FCFDE1F9DD3E100172ED0 /* 512_512.png */,
				42BBD5211F99EA7400890E17 /* ZYTextureView.h */,
				42BBD5221F99EA7400890E17 /* ZYTextureView.m */,
				422FCFD91F9D8FC600172ED0 /* ZYTextureConstant.h */,
				422FCFDA1F9D989300172ED0 /* textureVertex.glsl */,
				422FCFDC1F9D98A500172ED0 /* textureFragment.glsl */,
			);
			path = texture;
			sourceTree = "<group>";
		};
/* End PBXGroup section */

/* Begin PBXNativeTarget section */
		422060AC1F8B4F2B005ED1F0 /* esgl_1 */ = {
			isa = PBXNativeTarget;
			buildConfigurationList = 422060C31F8B4F2B005ED1F0 /* Build configuration list for PBXNativeTarget "esgl_1" */;
			buildPhases = (
				422060A91F8B4F2B005ED1F0 /* Sources */,
				422060AA1F8B4F2B005ED1F0 /* Frameworks */,
				422060AB1F8B4F2B005ED1F0 /* Resources */,
			);
			buildRules = (
			);
			dependencies = (
			);
			name = esgl_1;
			productName = esgl_1;
			productReference = 422060AD1F8B4F2B005ED1F0 /* esgl_1.app */;
			productType = "com.apple.product-type.application";
		};
/* End PBXNativeTarget section */

/* Begin PBXProject section */
		422060A51F8B4F2B005ED1F0 /* Project object */ = {
			isa = PBXProject;
			attributes = {
				LastUpgradeCheck = 0900;
				ORGANIZATIONNAME = zhangyun;
				TargetAttributes = {
					422060AC1F8B4F2B005ED1F0 = {
						CreatedOnToolsVersion = 9.0;
						ProvisioningStyle = Automatic;
					};
				};
			};
			buildConfigurationList = 422060A81F8B4F2B005ED1F0 /* Build configuration list for PBXProject "esgl_1" */;
			compatibilityVersion = "Xcode 8.0";
			developmentRegion = en;
			hasScannedForEncodings = 0;
			knownRegions = (
				en,
				Base,
			);
			mainGroup = 422060A41F8B4F2B005ED1F0;
			productRefGroup = 422060AE1F8B4F2B005ED1F0 /* Products */;
			projectDirPath = "";
			projectRoot = "";
			targets = (
				422060AC1F8B4F2B005ED1F0 /* esgl_1 */,
			);
		};
/* End PBXProject section */

/* Begin PBXResourcesBuildPhase section */
		422060AB1F8B4F2B005ED1F0 /* Resources */ = {
			isa = PBXResourcesBuildPhase;
			buildActionMask = 2147483647;
			files = (
				422FCFE21F9DDB3B00172ED0 /* 512_512.png in Resources */,
				42E99B041F8C7342001334CA /* fragment.glsl in Resources */,
				422FCFDD1F9D98A500172ED0 /* textureFragment.glsl in Resources */,
				422FCFDB1F9D989300172ED0 /* textureVertex.glsl in Resources */,
				421F1F991F98A59B00719328 /* cubeFragment.glsl in Resources */,
				422060BD1F8B4F2B005ED1F0 /* LaunchScreen.storyboard in Resources */,
				421F1F971F98A58800719328 /* cubuVextex.glsl in Resources */,
				42E99B021F8C732D001334CA /* vertex.glsl in Resources */,
				422060BA1F8B4F2B005ED1F0 /* Assets.xcassets in Resources */,
				422060B81F8B4F2B005ED1F0 /* Main.storyboard in Resources */,
			);
			runOnlyForDeploymentPostprocessing = 0;
		};
/* End PBXResourcesBuildPhase section */

/* Begin PBXSourcesBuildPhase section */
		422060A91F8B4F2B005ED1F0 /* Sources */ = {
			isa = PBXSourcesBuildPhase;
			buildActionMask = 2147483647;
			files = (
				4216268F1FAACDCE008A5B04 /* ZYGLViewController.m in Sources */,
				422060B51F8B4F2B005ED1F0 /* ViewController.m in Sources */,
				429E18F81FAC79F200E433E0 /* AGLKContext.m in Sources */,
				423EFEDB1F8DB247005DBE3D /* VFMatrix.c in Sources */,
				422060C01F8B4F2B005ED1F0 /* main.m in Sources */,
				42BBD5231F99EA7400890E17 /* ZYTextureView.m in Sources */,
				422060CD1F8B4F6B005ED1F0 /* ZYGLView.m in Sources */,
				42BBD51F1F98D44300890E17 /* VFRedisplay.m in Sources */,
				421F1F951F98A2A800719328 /* ZYCubeHeader.m in Sources */,
				42A3BA4E1F8F8EA8000A9F5E /* ZYCubeView.m in Sources */,
				423EFEDE1F8DB7FC005DBE3D /* VFVector.c in Sources */,
				422060B21F8B4F2B005ED1F0 /* AppDelegate.m in Sources */,
				429E18FB1FAC7B0400E433E0 /* AGLKVertexAttribArrayBuffer.m in Sources */,
				422FCFE11F9DD46B00172ED0 /* VYTransforms.m in Sources */,
				429E18F51FAC662700E433E0 /* AGLKView.m in Sources */,
			);
			runOnlyForDeploymentPostprocessing = 0;
		};
/* End PBXSourcesBuildPhase section */

/* Begin PBXVariantGroup section */
		422060B61F8B4F2B005ED1F0 /* Main.storyboard */ = {
			isa = PBXVariantGroup;
			children = (
				422060B71F8B4F2B005ED1F0 /* Base */,
			);
			name = Main.storyboard;
			sourceTree = "<group>";
		};
		422060BB1F8B4F2B005ED1F0 /* LaunchScreen.storyboard */ = {
			isa = PBXVariantGroup;
			children = (
				422060BC1F8B4F2B005ED1F0 /* Base */,
			);
			name = LaunchScreen.storyboard;
			sourceTree = "<group>";
		};
/* End PBXVariantGroup section */

/* Begin XCBuildConfiguration section */
		422060C11F8B4F2B005ED1F0 /* Debug */ = {
			isa = XCBuildConfiguration;
			buildSettings = {
				ALWAYS_SEARCH_USER_PATHS = NO;
				CLANG_ANALYZER_NONNULL = YES;
				CLANG_ANALYZER_NUMBER_OBJECT_CONVERSION = YES_AGGRESSIVE;
				CLANG_CXX_LANGUAGE_STANDARD = "gnu++14";
				CLANG_CXX_LIBRARY = "libc++";
				CLANG_ENABLE_MODULES = YES;
				CLANG_ENABLE_OBJC_ARC = YES;
				CLANG_WARN_BLOCK_CAPTURE_AUTORELEASING = YES;
				CLANG_WARN_BOOL_CONVERSION = YES;
				CLANG_WARN_COMMA = YES;
				CLANG_WARN_CONSTANT_CONVERSION = YES;
				CLANG_WARN_DIRECT_OBJC_ISA_USAGE = YES_ERROR;
				CLANG_WARN_DOCUMENTATION_COMMENTS = YES;
				CLANG_WARN_EMPTY_BODY = YES;
				CLANG_WARN_ENUM_CONVERSION = YES;
				CLANG_WARN_INFINITE_RECURSION = YES;
				CLANG_WARN_INT_CONVERSION = YES;
				CLANG_WARN_NON_LITERAL_NULL_CONVERSION = YES;
				CLANG_WARN_OBJC_LITERAL_CONVERSION = YES;
				CLANG_WARN_OBJC_ROOT_CLASS = YES_ERROR;
				CLANG_WARN_RANGE_LOOP_ANALYSIS = YES;
				CLANG_WARN_STRICT_PROTOTYPES = YES;
				CLANG_WARN_SUSPICIOUS_MOVE = YES;
				CLANG_WARN_UNGUARDED_AVAILABILITY = YES_AGGRESSIVE;
				CLANG_WARN_UNREACHABLE_CODE = YES;
				CLANG_WARN__DUPLICATE_METHOD_MATCH = YES;
				CODE_SIGN_IDENTITY = "iPhone Developer";
				COPY_PHASE_STRIP = NO;
				DEBUG_INFORMATION_FORMAT = dwarf;
				ENABLE_STRICT_OBJC_MSGSEND = YES;
				ENABLE_TESTABILITY = YES;
				GCC_C_LANGUAGE_STANDARD = gnu11;
				GCC_DYNAMIC_NO_PIC = NO;
				GCC_NO_COMMON_BLOCKS = YES;
				GCC_OPTIMIZATION_LEVEL = 0;
				GCC_PREPROCESSOR_DEFINITIONS = (
					"DEBUG=1",
					"$(inherited)",
				);
				GCC_WARN_64_TO_32_BIT_CONVERSION = YES;
				GCC_WARN_ABOUT_RETURN_TYPE = YES_ERROR;
				GCC_WARN_UNDECLARED_SELECTOR = YES;
				GCC_WARN_UNINITIALIZED_AUTOS = YES_AGGRESSIVE;
				GCC_WARN_UNUSED_FUNCTION = YES;
				GCC_WARN_UNUSED_VARIABLE = YES;
				IPHONEOS_DEPLOYMENT_TARGET = 11.0;
				MTL_ENABLE_DEBUG_INFO = YES;
				ONLY_ACTIVE_ARCH = YES;
				SDKROOT = iphoneos;
			};
			name = Debug;
		};
		422060C21F8B4F2B005ED1F0 /* Release */ = {
			isa = XCBuildConfiguration;
			buildSettings = {
				ALWAYS_SEARCH_USER_PATHS = NO;
				CLANG_ANALYZER_NONNULL = YES;
				CLANG_ANALYZER_NUMBER_OBJECT_CONVERSION = YES_AGGRESSIVE;
				CLANG_CXX_LANGUAGE_STANDARD = "gnu++14";
				CLANG_CXX_LIBRARY = "libc++";
				CLANG_ENABLE_MODULES = YES;
				CLANG_ENABLE_OBJC_ARC = YES;
				CLANG_WARN_BLOCK_CAPTURE_AUTORELEASING = YES;
				CLANG_WARN_BOOL_CONVERSION = YES;
				CLANG_WARN_COMMA = YES;
				CLANG_WARN_CONSTANT_CONVERSION = YES;
				CLANG_WARN_DIRECT_OBJC_ISA_USAGE = YES_ERROR;
				CLANG_WARN_DOCUMENTATION_COMMENTS = YES;
				CLANG_WARN_EMPTY_BODY = YES;
				CLANG_WARN_ENUM_CONVERSION = YES;
				CLANG_WARN_INFINITE_RECURSION = YES;
				CLANG_WARN_INT_CONVERSION = YES;
				CLANG_WARN_NON_LITERAL_NULL_CONVERSION = YES;
				CLANG_WARN_OBJC_LITERAL_CONVERSION = YES;
				CLANG_WARN_OBJC_ROOT_CLASS = YES_ERROR;
				CLANG_WARN_RANGE_LOOP_ANALYSIS = YES;
				CLANG_WARN_STRICT_PROTOTYPES = YES;
				CLANG_WARN_SUSPICIOUS_MOVE = YES;
				CLANG_WARN_UNGUARDED_AVAILABILITY = YES_AGGRESSIVE;
				CLANG_WARN_UNREACHABLE_CODE = YES;
				CLANG_WARN__DUPLICATE_METHOD_MATCH = YES;
				CODE_SIGN_IDENTITY = "iPhone Developer";
				COPY_PHASE_STRIP = NO;
				DEBUG_INFORMATION_FORMAT = "dwarf-with-dsym";
				ENABLE_NS_ASSERTIONS = NO;
				ENABLE_STRICT_OBJC_MSGSEND = YES;
				GCC_C_LANGUAGE_STANDARD = gnu11;
				GCC_NO_COMMON_BLOCKS = YES;
				GCC_WARN_64_TO_32_BIT_CONVERSION = YES;
				GCC_WARN_ABOUT_RETURN_TYPE = YES_ERROR;
				GCC_WARN_UNDECLARED_SELECTOR = YES;
				GCC_WARN_UNINITIALIZED_AUTOS = YES_AGGRESSIVE;
				GCC_WARN_UNUSED_FUNCTION = YES;
				GCC_WARN_UNUSED_VARIABLE = YES;
				IPHONEOS_DEPLOYMENT_TARGET = 11.0;
				MTL_ENABLE_DEBUG_INFO = NO;
				SDKROOT = iphoneos;
				VALIDATE_PRODUCT = YES;
			};
			name = Release;
		};
		422060C41F8B4F2B005ED1F0 /* Debug */ = {
			isa = XCBuildConfiguration;
			buildSettings = {
				ASSETCATALOG_COMPILER_APPICON_NAME = AppIcon;
				CODE_SIGN_STYLE = Automatic;
				INFOPLIST_FILE = esgl_1/Info.plist;
				LD_RUNPATH_SEARCH_PATHS = "$(inherited) @executable_path/Frameworks";
				PRODUCT_BUNDLE_IDENTIFIER = "xx.esgl-1";
				PRODUCT_NAME = "$(TARGET_NAME)";
				TARGETED_DEVICE_FAMILY = "1,2";
			};
			name = Debug;
		};
		422060C51F8B4F2B005ED1F0 /* Release */ = {
			isa = XCBuildConfiguration;
			buildSettings = {
				ASSETCATALOG_COMPILER_APPICON_NAME = AppIcon;
				CODE_SIGN_STYLE = Automatic;
				INFOPLIST_FILE = esgl_1/Info.plist;
				LD_RUNPATH_SEARCH_PATHS = "$(inherited) @executable_path/Frameworks";
				PRODUCT_BUNDLE_IDENTIFIER = "xx.esgl-1";
				PRODUCT_NAME = "$(TARGET_NAME)";
				TARGETED_DEVICE_FAMILY = "1,2";
			};
			name = Release;
		};
/* End XCBuildConfiguration section */

/* Begin XCConfigurationList section */
		422060A81F8B4F2B005ED1F0 /* Build configuration list for PBXProject "esgl_1" */ = {
			isa = XCConfigurationList;
			buildConfigurations = (
				422060C11F8B4F2B005ED1F0 /* Debug */,
				422060C21F8B4F2B005ED1F0 /* Release */,
			);
			defaultConfigurationIsVisible = 0;
			defaultConfigurationName = Release;
		};
		422060C31F8B4F2B005ED1F0 /* Build configuration list for PBXNativeTarget "esgl_1" */ = {
			isa = XCConfigurationList;
			buildConfigurations = (
				422060C41F8B4F2B005ED1F0 /* Debug */,
				422060C51F8B4F2B005ED1F0 /* Release */,
			);
			defaultConfigurationIsVisible = 0;
			defaultConfigurationName = Release;
		};
/* End XCConfigurationList section */
	};
	rootObject = 422060A51F8B4F2B005ED1F0 /* Project object */;
}
